
Microsoft Visual Studio Solution File, Format Version 12.00
# Visual Studio Version 17
VisualStudioVersion = 17.14.36511.14 d17.14
MinimumVisualStudioVersion = 10.0.40219.1
Project("{FAE04EC0-301F-11D3-BF4B-00C04F79EFBC}") = "BeFit", "BeFit\BeFit.csproj", "{F9A831E3-A375-418D-8491-2C959C72B8FF}"
EndProject
Global
	GlobalSection(SolutionConfigurationPlatforms) = preSolution
		Debug|Any CPU = Debug|Any CPU
		Release|Any CPU = Release|Any CPU
	EndGlobalSection
	GlobalSection(ProjectConfigurationPlatforms) = postSolution
		{F9A831E3-A375-418D-8491-2C959C72B8FF}.Debug|Any CPU.ActiveCfg = Debug|Any CPU
		{F9A831E3-A375-418D-8491-2C959C72B8FF}.Debug|Any CPU.Build.0 = Debug|Any CPU
		{F9A831E3-A375-418D-8491-2C959C72B8FF}.Release|Any CPU.ActiveCfg = Release|Any CPU
		{F9A831E3-A375-418D-8491-2C959C72B8FF}.Release|Any CPU.Build.0 = Release|Any CPU
	EndGlobalSection
	GlobalSection(SolutionProperties) = preSolution
		HideSolutionNode = FALSE
	EndGlobalSection
	GlobalSection(ExtensibilityGlobals) = postSolution
		SolutionGuid = {3CDF9166-F2AB-4DC0-8F8E-7CE2DC86DB36}
	EndGlobalSection
EndGlobal
